
Microsoft Visual Studio Solution File, Format Version 12.00
# Visual Studio Version 16
VisualStudioVersion = 16.0.30413.136
MinimumVisualStudioVersion = 10.0.40219.1
Project("{FAE04EC0-301F-11D3-BF4B-00C04F79EFBC}") = "NPCLocator", "NPCLocator\NPCLocator.csproj", "{B18A667E-D888-4F45-898B-9F402609C107}"
EndProject
Global
	GlobalSection(SolutionConfigurationPlatforms) = preSolution
		Debug|Any CPU = Debug|Any CPU
		Release|Any CPU = Release|Any CPU
	EndGlobalSection
	GlobalSection(ProjectConfigurationPlatforms) = postSolution
		{B18A667E-D888-4F45-898B-9F402609C107}.Debug|Any CPU.ActiveCfg = Debug|Any CPU
		{B18A667E-D888-4F45-898B-9F402609C107}.Debug|Any CPU.Build.0 = Debug|Any CPU
		{B18A667E-D888-4F45-898B-9F402609C107}.Release|Any CPU.ActiveCfg = Release|Any CPU
		{B18A667E-D888-4F45-898B-9F402609C107}.Release|Any CPU.Build.0 = Release|Any CPU
	EndGlobalSection
	GlobalSection(SolutionProperties) = preSolution
		HideSolutionNode = FALSE
	EndGlobalSection
	GlobalSection(ExtensibilityGlobals) = postSolution
		SolutionGuid = {60727B4A-CFD4-4E97-817D-F56870F1CBC2}
	EndGlobalSection
EndGlobal
